
Microsoft Visual Studio Solution File, Format Version 12.00
# Visual Studio Version 16
VisualStudioVersion = 16.0.30804.86
MinimumVisualStudioVersion = 10.0.40219.1
Project("{8BC9CEB8-8B4A-11D0-8D11-00A0C91BC942}") = "Ass2 Timespan by Gwendylan Furiato", "Ass2 Timespan by Gwendylan Furiato.vcxproj", "{B7D59764-3D8B-41EC-88A8-2982E7835515}"
EndProject
Global
	GlobalSection(SolutionConfigurationPlatforms) = preSolution
		Debug|x64 = Debug|x64
		Debug|x86 = Debug|x86
		Release|x64 = Release|x64
		Release|x86 = Release|x86
	EndGlobalSection
	GlobalSection(ProjectConfigurationPlatforms) = postSolution
		{B7D59764-3D8B-41EC-88A8-2982E7835515}.Debug|x64.ActiveCfg = Debug|x64
		{B7D59764-3D8B-41EC-88A8-2982E7835515}.Debug|x64.Build.0 = Debug|x64
		{B7D59764-3D8B-41EC-88A8-2982E7835515}.Debug|x86.ActiveCfg = Debug|Win32
		{B7D59764-3D8B-41EC-88A8-2982E7835515}.Debug|x86.Build.0 = Debug|Win32
		{B7D59764-3D8B-41EC-88A8-2982E7835515}.Release|x64.ActiveCfg = Release|x64
		{B7D59764-3D8B-41EC-88A8-2982E7835515}.Release|x64.Build.0 = Release|x64
		{B7D59764-3D8B-41EC-88A8-2982E7835515}.Release|x86.ActiveCfg = Release|Win32
		{B7D59764-3D8B-41EC-88A8-2982E7835515}.Release|x86.Build.0 = Release|Win32
	EndGlobalSection
	GlobalSection(SolutionProperties) = preSolution
		HideSolutionNode = FALSE
	EndGlobalSection
	GlobalSection(ExtensibilityGlobals) = postSolution
		SolutionGuid = {F2C14C63-0D76-41CE-96DC-931353756A81}
	EndGlobalSection
EndGlobal
